
Microsoft Visual Studio Solution File, Format Version 12.00
# Visual Studio Version 17
VisualStudioVersion = 17.13.35931.197 d17.13
MinimumVisualStudioVersion = 10.0.40219.1
Project("{FAE04EC0-301F-11D3-BF4B-00C04F79EFBC}") = "1", "1\1.csproj", "{C8835FDA-2CA5-4CCE-987A-A235A4A0EE27}"
EndProject
Global
	GlobalSection(SolutionConfigurationPlatforms) = preSolution
		Debug|Any CPU = Debug|Any CPU
		Release|Any CPU = Release|Any CPU
	EndGlobalSection
	GlobalSection(ProjectConfigurationPlatforms) = postSolution
		{C8835FDA-2CA5-4CCE-987A-A235A4A0EE27}.Debug|Any CPU.ActiveCfg = Debug|Any CPU
		{C8835FDA-2CA5-4CCE-987A-A235A4A0EE27}.Debug|Any CPU.Build.0 = Debug|Any CPU
		{C8835FDA-2CA5-4CCE-987A-A235A4A0EE27}.Release|Any CPU.ActiveCfg = Release|Any CPU
		{C8835FDA-2CA5-4CCE-987A-A235A4A0EE27}.Release|Any CPU.Build.0 = Release|Any CPU
	EndGlobalSection
	GlobalSection(SolutionProperties) = preSolution
		HideSolutionNode = FALSE
	EndGlobalSection
	GlobalSection(ExtensibilityGlobals) = postSolution
		SolutionGuid = {2B4BE563-BB81-40B5-B305-8562CFD346A3}
	EndGlobalSection
EndGlobal
